{
	"name": "aqa-advanced",
	"version": "1.0.0",
	"lockfileVersion": 3,
	"requires": true,
	"packages": {
		"": {
			"name": "aqa-advanced",
			"version": "1.0.0",
			"license": "ISC",
			"dependencies": {
				"chalk": "^5.3.0"
			},
			"devDependencies": {
				"globals": "^15.4.0",
				"husky": "^6.0.0",
				"prettier": "3.3.2"
			}
		},
		"node_modules/chalk": {
			"version": "5.3.0",
			"resolved": "https://registry.npmjs.org/chalk/-/chalk-5.3.0.tgz",
			"integrity": "sha512-dLitG79d+GV1Nb/VYcCDFivJeK1hiukt9QjRNVOsUtTy1rR1YJsmpGGTZ3qJos+uw7WmWF4wUwBd9jxjocFC2w==",
			"engines": {
				"node": "^12.17.0 || ^14.13 || >=16.0.0"
			},
			"funding": {
				"url": "https://github.com/chalk/chalk?sponsor=1"
			}
		},
		"node_modules/globals": {
			"version": "15.4.0",
			"resolved": "https://registry.npmjs.org/globals/-/globals-15.4.0.tgz",
			"integrity": "sha512-unnwvMZpv0eDUyjNyh9DH/yxUaRYrEjW/qK4QcdrHg3oO11igUQrCSgODHEqxlKg8v2CD2Sd7UkqqEBoz5U7TQ==",
			"dev": true,
			"engines": {
				"node": ">=18"
			},
			"funding": {
				"url": "https://github.com/sponsors/sindresorhus"
			}
		},
		"node_modules/husky": {
			"version": "6.0.0",
			"resolved": "https://registry.npmjs.org/husky/-/husky-6.0.0.tgz",
			"integrity": "sha512-SQS2gDTB7tBN486QSoKPKQItZw97BMOd+Kdb6ghfpBc0yXyzrddI0oDV5MkDAbuB4X2mO3/nj60TRMcYxwzZeQ==",
			"dev": true,
			"bin": {
				"husky": "lib/bin.js"
			},
			"funding": {
				"url": "https://github.com/sponsors/typicode"
			}
		},
		"node_modules/prettier": {
			"version": "3.3.2",
			"resolved": "https://registry.npmjs.org/prettier/-/prettier-3.3.2.tgz",
			"integrity": "sha512-rAVeHYMcv8ATV5d508CFdn+8/pHPpXeIid1DdrPwXnaAdH7cqjVbpJaT5eq4yRAFU/lsbwYwSF/n5iNrdJHPQA==",
			"dev": true,
			"bin": {
				"prettier": "bin/prettier.cjs"
			},
			"engines": {
				"node": ">=14"
			},
			"funding": {
				"url": "https://github.com/prettier/prettier?sponsor=1"
			}
		}
	}
}
